
Microsoft Visual Studio Solution File, Format Version 12.00
# Visual Studio 14
VisualStudioVersion = 14.0.25420.1
MinimumVisualStudioVersion = 10.0.40219.1
Project("{FAE04EC0-301F-11D3-BF4B-00C04F79EFBC}") = "SpecFlow.AdvanceSteps.SpecFlowPlugin", "src\SpecFlow.AdvanceSteps.SpecFlowPlugin\SpecFlow.AdvanceSteps.SpecFlowPlugin.csproj", "{0463F8FE-7F28-47CB-ADEB-1F52368CB66A}"
EndProject
Project("{FAE04EC0-301F-11D3-BF4B-00C04F79EFBC}") = "SpecFlow.AdvanceSteps.Integration.Tests", "tests\SpecFlow.AdvanceSteps.Integration.Tests\SpecFlow.AdvanceSteps.Integration.Tests.csproj", "{755A658C-8D1E-467B-99F5-76B2D2509BEC}"
EndProject
Global
	GlobalSection(SolutionConfigurationPlatforms) = preSolution
		Debug|Any CPU = Debug|Any CPU
		Release|Any CPU = Release|Any CPU
	EndGlobalSection
	GlobalSection(ProjectConfigurationPlatforms) = postSolution
		{0463F8FE-7F28-47CB-ADEB-1F52368CB66A}.Debug|Any CPU.ActiveCfg = Debug|Any CPU
		{0463F8FE-7F28-47CB-ADEB-1F52368CB66A}.Debug|Any CPU.Build.0 = Debug|Any CPU
		{0463F8FE-7F28-47CB-ADEB-1F52368CB66A}.Release|Any CPU.ActiveCfg = Release|Any CPU
		{0463F8FE-7F28-47CB-ADEB-1F52368CB66A}.Release|Any CPU.Build.0 = Release|Any CPU
		{755A658C-8D1E-467B-99F5-76B2D2509BEC}.Debug|Any CPU.ActiveCfg = Debug|Any CPU
		{755A658C-8D1E-467B-99F5-76B2D2509BEC}.Debug|Any CPU.Build.0 = Debug|Any CPU
		{755A658C-8D1E-467B-99F5-76B2D2509BEC}.Release|Any CPU.ActiveCfg = Release|Any CPU
		{755A658C-8D1E-467B-99F5-76B2D2509BEC}.Release|Any CPU.Build.0 = Release|Any CPU
	EndGlobalSection
	GlobalSection(SolutionProperties) = preSolution
		HideSolutionNode = FALSE
	EndGlobalSection
EndGlobal
